
Microsoft Visual Studio Solution File, Format Version 12.00
Project("{FAE04EC0-301F-11D3-BF4B-00C04F79EFBC}") = "RabbitPublisher", "RabbitPublisher\RabbitPublisher.csproj", "{EF4A64EE-EB54-470E-B89B-99C085EA37C0}"
EndProject
Project("{FAE04EC0-301F-11D3-BF4B-00C04F79EFBC}") = "RabbitConsumer", "RabbitConsumer\RabbitConsumer.csproj", "{E77BB431-2EA9-45D9-BD46-55059D76BA98}"
EndProject
Project("{FAE04EC0-301F-11D3-BF4B-00C04F79EFBC}") = "RabbitConsumer2", "RabbitConsumer2\RabbitConsumer2.csproj", "{67683209-0E99-430B-AA31-22BBE6BF7152}"
EndProject
Global
	GlobalSection(SolutionConfigurationPlatforms) = preSolution
		Debug|Any CPU = Debug|Any CPU
		Release|Any CPU = Release|Any CPU
	EndGlobalSection
	GlobalSection(ProjectConfigurationPlatforms) = postSolution
		{EF4A64EE-EB54-470E-B89B-99C085EA37C0}.Debug|Any CPU.ActiveCfg = Debug|Any CPU
		{EF4A64EE-EB54-470E-B89B-99C085EA37C0}.Debug|Any CPU.Build.0 = Debug|Any CPU
		{EF4A64EE-EB54-470E-B89B-99C085EA37C0}.Release|Any CPU.ActiveCfg = Release|Any CPU
		{EF4A64EE-EB54-470E-B89B-99C085EA37C0}.Release|Any CPU.Build.0 = Release|Any CPU
		{E77BB431-2EA9-45D9-BD46-55059D76BA98}.Debug|Any CPU.ActiveCfg = Debug|Any CPU
		{E77BB431-2EA9-45D9-BD46-55059D76BA98}.Debug|Any CPU.Build.0 = Debug|Any CPU
		{E77BB431-2EA9-45D9-BD46-55059D76BA98}.Release|Any CPU.ActiveCfg = Release|Any CPU
		{E77BB431-2EA9-45D9-BD46-55059D76BA98}.Release|Any CPU.Build.0 = Release|Any CPU
		{67683209-0E99-430B-AA31-22BBE6BF7152}.Debug|Any CPU.ActiveCfg = Debug|Any CPU
		{67683209-0E99-430B-AA31-22BBE6BF7152}.Debug|Any CPU.Build.0 = Debug|Any CPU
		{67683209-0E99-430B-AA31-22BBE6BF7152}.Release|Any CPU.ActiveCfg = Release|Any CPU
		{67683209-0E99-430B-AA31-22BBE6BF7152}.Release|Any CPU.Build.0 = Release|Any CPU
	EndGlobalSection
EndGlobal
